
Microsoft Visual Studio Solution File, Format Version 12.00
# Visual Studio 15
VisualStudioVersion = 15.0.28010.2050
MinimumVisualStudioVersion = 10.0.40219.1
Project("{FAE04EC0-301F-11D3-BF4B-00C04F79EFBC}") = "sc93", "sc93\sc93.csproj", "{773546A6-287D-4366-BD9B-6208995A4C96}"
EndProject
Project("{CAA73BB0-EF22-4D79-A57E-DF67B3BA9C80}") = "TDSProject1", "TDSProject1\TDSProject1.scproj", "{A0AF9E7B-D965-40C0-8AA0-B503B71A6AA9}"
EndProject
Global
	GlobalSection(SolutionConfigurationPlatforms) = preSolution
		Debug|Any CPU = Debug|Any CPU
		Release|Any CPU = Release|Any CPU
	EndGlobalSection
	GlobalSection(ProjectConfigurationPlatforms) = postSolution
		{773546A6-287D-4366-BD9B-6208995A4C96}.Debug|Any CPU.ActiveCfg = Debug|Any CPU
		{773546A6-287D-4366-BD9B-6208995A4C96}.Debug|Any CPU.Build.0 = Debug|Any CPU
		{773546A6-287D-4366-BD9B-6208995A4C96}.Release|Any CPU.ActiveCfg = Release|Any CPU
		{773546A6-287D-4366-BD9B-6208995A4C96}.Release|Any CPU.Build.0 = Release|Any CPU
		{A0AF9E7B-D965-40C0-8AA0-B503B71A6AA9}.Debug|Any CPU.ActiveCfg = Debug|Any CPU
		{A0AF9E7B-D965-40C0-8AA0-B503B71A6AA9}.Debug|Any CPU.Build.0 = Debug|Any CPU
		{A0AF9E7B-D965-40C0-8AA0-B503B71A6AA9}.Debug|Any CPU.Deploy.0 = Debug|Any CPU
		{A0AF9E7B-D965-40C0-8AA0-B503B71A6AA9}.Release|Any CPU.ActiveCfg = Release|Any CPU
		{A0AF9E7B-D965-40C0-8AA0-B503B71A6AA9}.Release|Any CPU.Build.0 = Release|Any CPU
		{A0AF9E7B-D965-40C0-8AA0-B503B71A6AA9}.Release|Any CPU.Deploy.0 = Release|Any CPU
	EndGlobalSection
	GlobalSection(SolutionProperties) = preSolution
		HideSolutionNode = FALSE
	EndGlobalSection
	GlobalSection(ExtensibilityGlobals) = postSolution
		SolutionGuid = {A843B1C2-59B2-4845-A482-4E85B665B53A}
	EndGlobalSection
EndGlobal
